
Microsoft Visual Studio Solution File, Format Version 12.00
# Visual Studio 15
VisualStudioVersion = 15.0.27703.2000
MinimumVisualStudioVersion = 10.0.40219.1
Project("{8BC9CEB8-8B4A-11D0-8D11-00A0C91BC942}") = "Calendar", "Calendar\Calendar.vcxproj", "{EE39E802-249A-45B9-B819-2FE9856606BB}"
EndProject
Global
	GlobalSection(SolutionConfigurationPlatforms) = preSolution
		Debug|x64 = Debug|x64
		Debug|x86 = Debug|x86
		Release|x64 = Release|x64
		Release|x86 = Release|x86
	EndGlobalSection
	GlobalSection(ProjectConfigurationPlatforms) = postSolution
		{EE39E802-249A-45B9-B819-2FE9856606BB}.Debug|x64.ActiveCfg = Debug|x64
		{EE39E802-249A-45B9-B819-2FE9856606BB}.Debug|x64.Build.0 = Debug|x64
		{EE39E802-249A-45B9-B819-2FE9856606BB}.Debug|x86.ActiveCfg = Debug|Win32
		{EE39E802-249A-45B9-B819-2FE9856606BB}.Debug|x86.Build.0 = Debug|Win32
		{EE39E802-249A-45B9-B819-2FE9856606BB}.Release|x64.ActiveCfg = Release|x64
		{EE39E802-249A-45B9-B819-2FE9856606BB}.Release|x64.Build.0 = Release|x64
		{EE39E802-249A-45B9-B819-2FE9856606BB}.Release|x86.ActiveCfg = Release|Win32
		{EE39E802-249A-45B9-B819-2FE9856606BB}.Release|x86.Build.0 = Release|Win32
	EndGlobalSection
	GlobalSection(SolutionProperties) = preSolution
		HideSolutionNode = FALSE
	EndGlobalSection
	GlobalSection(ExtensibilityGlobals) = postSolution
		SolutionGuid = {5ED25164-B04E-441A-BC8A-E967CF48D21E}
	EndGlobalSection
EndGlobal
